PODS:
  - AFNetworking (3.1.0):
    - AFNetworking/NSURLSession (= 3.1.0)
    - AFNetworking/Reachability (= 3.1.0)
    - AFNetworking/Security (= 3.1.0)
    - AFNetworking/Serialization (= 3.1.0)
    - AFNetworking/UIKit (= 3.1.0)
  - AFNetworking/NSURLSession (3.1.0):
    - AFNetworking/Reachability
    - AFNetworking/Security
    - AFNetworking/Serialization
  - AFNetworking/Reachability (3.1.0)
  - AFNetworking/Security (3.1.0)
  - AFNetworking/Serialization (3.1.0)
  - AFNetworking/UIKit (3.1.0):
    - AFNetworking/NSURLSession
  - FlexLib (1.6.1):
    - FlexLib/no-arc (= 1.6.1)
    - Yoga
  - FlexLib/no-arc (1.6.1):
    - Yoga
  - Yoga (1.6.0)

DEPENDENCIES:
  - AFNetworking (~> 3.1.0)
  - FlexLib

SPEC CHECKSUMS:
  AFNetworking: 5e0e199f73d8626b11e79750991f5d173d1f8b67
  FlexLib: ff0e05a25bf8d6283e6ed4556afda282ae350e51
  Yoga: 81670877477311136b1b3f69a6307ce62e1c89cf

PODFILE CHECKSUM: ac951c60150b079deb6e06fae6c1f5c84e901569

COCOAPODS: 1.4.0.rc.1
